
Microsoft Visual Studio Solution File, Format Version 12.00
# Visual Studio Version 16
VisualStudioVersion = 16.0.30503.244
MinimumVisualStudioVersion = 10.0.40219.1
Project("{9A19103F-16F7-4668-BE54-9A1E7A4F7556}") = "JonahsBooks", "JonahsBooks.csproj", "{694FE4C6-9C1D-44AC-AA8F-B70FD014F08F}"
EndProject
Global
	GlobalSection(SolutionConfigurationPlatforms) = preSolution
		Debug|Any CPU = Debug|Any CPU
		Release|Any CPU = Release|Any CPU
	EndGlobalSection
	GlobalSection(ProjectConfigurationPlatforms) = postSolution
		{694FE4C6-9C1D-44AC-AA8F-B70FD014F08F}.Debug|Any CPU.ActiveCfg = Debug|Any CPU
		{694FE4C6-9C1D-44AC-AA8F-B70FD014F08F}.Debug|Any CPU.Build.0 = Debug|Any CPU
		{694FE4C6-9C1D-44AC-AA8F-B70FD014F08F}.Release|Any CPU.ActiveCfg = Release|Any CPU
		{694FE4C6-9C1D-44AC-AA8F-B70FD014F08F}.Release|Any CPU.Build.0 = Release|Any CPU
	EndGlobalSection
	GlobalSection(SolutionProperties) = preSolution
		HideSolutionNode = FALSE
	EndGlobalSection
	GlobalSection(ExtensibilityGlobals) = postSolution
		SolutionGuid = {EBD95C65-86CF-4E63-A785-611E2FBF4496}
	EndGlobalSection
EndGlobal
